
Microsoft Visual Studio Solution File, Format Version 12.00
# Visual Studio Version 16
VisualStudioVersion = 16.0.31702.278
MinimumVisualStudioVersion = 10.0.40219.1
Project("{FAE04EC0-301F-11D3-BF4B-00C04F79EFBC}") = "методы", "методы.csproj", "{55B76DC1-3D59-4587-A358-DB76E003AD22}"
EndProject
Global
	GlobalSection(SolutionConfigurationPlatforms) = preSolution
		Debug|Any CPU = Debug|Any CPU
		Release|Any CPU = Release|Any CPU
	EndGlobalSection
	GlobalSection(ProjectConfigurationPlatforms) = postSolution
		{55B76DC1-3D59-4587-A358-DB76E003AD22}.Debug|Any CPU.ActiveCfg = Debug|Any CPU
		{55B76DC1-3D59-4587-A358-DB76E003AD22}.Debug|Any CPU.Build.0 = Debug|Any CPU
		{55B76DC1-3D59-4587-A358-DB76E003AD22}.Release|Any CPU.ActiveCfg = Release|Any CPU
		{55B76DC1-3D59-4587-A358-DB76E003AD22}.Release|Any CPU.Build.0 = Release|Any CPU
	EndGlobalSection
	GlobalSection(SolutionProperties) = preSolution
		HideSolutionNode = FALSE
	EndGlobalSection
	GlobalSection(ExtensibilityGlobals) = postSolution
		SolutionGuid = {1743C1A0-9197-401D-A408-73AD22F3236C}
	EndGlobalSection
EndGlobal
